
Microsoft Visual Studio Solution File, Format Version 12.00
# Visual Studio Version 17
VisualStudioVersion = 17.0.31903.59
MinimumVisualStudioVersion = 10.0.40219.1
Project("{2150E333-8FDC-42A3-9474-1A3956D46DE8}") = "src", "src", "{C0AA1474-9D6E-47CB-AAE9-9BD1AC3C9500}"
EndProject
Project("{2150E333-8FDC-42A3-9474-1A3956D46DE8}") = "Services", "Services", "{338CCC77-934E-4FE3-B1EF-7039AB5CF284}"
EndProject
Project("{2150E333-8FDC-42A3-9474-1A3956D46DE8}") = "ApiGateway", "ApiGateway", "{E15A034D-9D03-4118-AA6E-23BCC11F7B06}"
EndProject
Project("{2150E333-8FDC-42A3-9474-1A3956D46DE8}") = "Web", "Web", "{F72E53DE-E0E1-4697-B244-9D788D6E553B}"
EndProject
Project("{FAE04EC0-301F-11D3-BF4B-00C04F79EFBC}") = "CatalogService", "src\Services\CatalogService\CatalogService.csproj", "{22F8F9E8-5515-4DED-8549-0502E69FC514}"
EndProject
Global
	GlobalSection(SolutionConfigurationPlatforms) = preSolution
		Debug|Any CPU = Debug|Any CPU
		Release|Any CPU = Release|Any CPU
	EndGlobalSection
	GlobalSection(SolutionProperties) = preSolution
		HideSolutionNode = FALSE
	EndGlobalSection
	GlobalSection(NestedProjects) = preSolution
		{338CCC77-934E-4FE3-B1EF-7039AB5CF284} = {C0AA1474-9D6E-47CB-AAE9-9BD1AC3C9500}
		{E15A034D-9D03-4118-AA6E-23BCC11F7B06} = {C0AA1474-9D6E-47CB-AAE9-9BD1AC3C9500}
		{F72E53DE-E0E1-4697-B244-9D788D6E553B} = {C0AA1474-9D6E-47CB-AAE9-9BD1AC3C9500}
		{22F8F9E8-5515-4DED-8549-0502E69FC514} = {338CCC77-934E-4FE3-B1EF-7039AB5CF284}
	EndGlobalSection
	GlobalSection(ProjectConfigurationPlatforms) = postSolution
		{22F8F9E8-5515-4DED-8549-0502E69FC514}.Debug|Any CPU.ActiveCfg = Debug|Any CPU
		{22F8F9E8-5515-4DED-8549-0502E69FC514}.Debug|Any CPU.Build.0 = Debug|Any CPU
		{22F8F9E8-5515-4DED-8549-0502E69FC514}.Release|Any CPU.ActiveCfg = Release|Any CPU
		{22F8F9E8-5515-4DED-8549-0502E69FC514}.Release|Any CPU.Build.0 = Release|Any CPU
	EndGlobalSection
EndGlobal
